
Microsoft Visual Studio Solution File, Format Version 12.00
# Visual Studio Version 17
VisualStudioVersion = 17.11.35327.3
MinimumVisualStudioVersion = 10.0.40219.1
Project("{FAE04EC0-301F-11D3-BF4B-00C04F79EFBC}") = "DiskSpaceMonitor", "DiskSpaceMonitor.csproj", "{16C97CA7-2231-4166-8C6B-EB98A45CD174}"
EndProject
Global
	GlobalSection(SolutionConfigurationPlatforms) = preSolution
		Debug|Any CPU = Debug|Any CPU
		Release|Any CPU = Release|Any CPU
	EndGlobalSection
	GlobalSection(ProjectConfigurationPlatforms) = postSolution
		{16C97CA7-2231-4166-8C6B-EB98A45CD174}.Debug|Any CPU.ActiveCfg = Debug|Any CPU
		{16C97CA7-2231-4166-8C6B-EB98A45CD174}.Debug|Any CPU.Build.0 = Debug|Any CPU
		{16C97CA7-2231-4166-8C6B-EB98A45CD174}.Release|Any CPU.ActiveCfg = Release|Any CPU
		{16C97CA7-2231-4166-8C6B-EB98A45CD174}.Release|Any CPU.Build.0 = Release|Any CPU
	EndGlobalSection
	GlobalSection(SolutionProperties) = preSolution
		HideSolutionNode = FALSE
	EndGlobalSection
	GlobalSection(ExtensibilityGlobals) = postSolution
		SolutionGuid = {105AEC54-2FF8-4F02-ABEB-A13357125D57}
	EndGlobalSection
EndGlobal
